
Microsoft Visual Studio Solution File, Format Version 12.00
# Visual Studio Version 16
VisualStudioVersion = 16.0.29911.84
MinimumVisualStudioVersion = 10.0.40219.1
Project("{FAE04EC0-301F-11D3-BF4B-00C04F79EFBC}") = "EnroleClass", "EnroleClass\EnroleClass.csproj", "{9062EA5F-8850-4243-91D3-B4C4EF5B061F}"
EndProject
Global
	GlobalSection(SolutionConfigurationPlatforms) = preSolution
		Debug|Any CPU = Debug|Any CPU
		Release|Any CPU = Release|Any CPU
	EndGlobalSection
	GlobalSection(ProjectConfigurationPlatforms) = postSolution
		{9062EA5F-8850-4243-91D3-B4C4EF5B061F}.Debug|Any CPU.ActiveCfg = Debug|Any CPU
		{9062EA5F-8850-4243-91D3-B4C4EF5B061F}.Debug|Any CPU.Build.0 = Debug|Any CPU
		{9062EA5F-8850-4243-91D3-B4C4EF5B061F}.Release|Any CPU.ActiveCfg = Release|Any CPU
		{9062EA5F-8850-4243-91D3-B4C4EF5B061F}.Release|Any CPU.Build.0 = Release|Any CPU
	EndGlobalSection
	GlobalSection(SolutionProperties) = preSolution
		HideSolutionNode = FALSE
	EndGlobalSection
	GlobalSection(ExtensibilityGlobals) = postSolution
		SolutionGuid = {48FDB91F-CC58-49D4-AAF9-19CE106CB279}
	EndGlobalSection
EndGlobal
